
Microsoft Visual Studio Solution File, Format Version 12.00
# Visual Studio Version 16
VisualStudioVersion = 16.0.31205.134
MinimumVisualStudioVersion = 10.0.40219.1
Project("{FAE04EC0-301F-11D3-BF4B-00C04F79EFBC}") = "EFTest", "ConsoleApp1\EFTest.csproj", "{B134D52B-41E7-46BA-985F-4501ABC50C66}"
EndProject
Project("{FAE04EC0-301F-11D3-BF4B-00C04F79EFBC}") = "TestProject1", "TestProject1\TestProject1.csproj", "{314FDC16-235D-4F17-A826-C3E62EA51590}"
EndProject
Global
	GlobalSection(SolutionConfigurationPlatforms) = preSolution
		Debug|Any CPU = Debug|Any CPU
		Release|Any CPU = Release|Any CPU
	EndGlobalSection
	GlobalSection(ProjectConfigurationPlatforms) = postSolution
		{B134D52B-41E7-46BA-985F-4501ABC50C66}.Debug|Any CPU.ActiveCfg = Debug|Any CPU
		{B134D52B-41E7-46BA-985F-4501ABC50C66}.Debug|Any CPU.Build.0 = Debug|Any CPU
		{B134D52B-41E7-46BA-985F-4501ABC50C66}.Release|Any CPU.ActiveCfg = Release|Any CPU
		{B134D52B-41E7-46BA-985F-4501ABC50C66}.Release|Any CPU.Build.0 = Release|Any CPU
		{314FDC16-235D-4F17-A826-C3E62EA51590}.Debug|Any CPU.ActiveCfg = Debug|Any CPU
		{314FDC16-235D-4F17-A826-C3E62EA51590}.Debug|Any CPU.Build.0 = Debug|Any CPU
		{314FDC16-235D-4F17-A826-C3E62EA51590}.Release|Any CPU.ActiveCfg = Release|Any CPU
		{314FDC16-235D-4F17-A826-C3E62EA51590}.Release|Any CPU.Build.0 = Release|Any CPU
	EndGlobalSection
	GlobalSection(SolutionProperties) = preSolution
		HideSolutionNode = FALSE
	EndGlobalSection
	GlobalSection(ExtensibilityGlobals) = postSolution
		SolutionGuid = {3C31B2A8-F643-486F-8445-D4AD82472126}
	EndGlobalSection
EndGlobal
